
Microsoft Visual Studio Solution File, Format Version 12.00
# Visual Studio Version 17
VisualStudioVersion = 17.1.32210.238
MinimumVisualStudioVersion = 10.0.40219.1
Project("{8BC9CEB8-8B4A-11D0-8D11-00A0C91BC942}") = "test-cct", "test-cct\test-cct.vcxproj", "{A9253607-3B29-476E-A94E-968E303031BD}"
EndProject
Project("{8BC9CEB8-8B4A-11D0-8D11-00A0C91BC942}") = "90-01-b1", "90-01-b1\90-01-b1.vcxproj", "{9699BC08-56C8-4BAB-B148-8D2ED158D100}"
EndProject
Project("{8BC9CEB8-8B4A-11D0-8D11-00A0C91BC942}") = "90-01-b2", "90-01-b2\90-01-b2.vcxproj", "{194EBE41-652F-465C-B2E8-97C9F774247B}"
EndProject
Project("{8BC9CEB8-8B4A-11D0-8D11-00A0C91BC942}") = "90-02-b1", "90-02-b1\90-02-b1.vcxproj", "{51E998EE-60C7-4641-8FE4-4DF89D223824}"
EndProject
Project("{8BC9CEB8-8B4A-11D0-8D11-00A0C91BC942}") = "common", "common\common.vcxproj", "{9CDF1BB9-7135-4A32-AB88-0638DB7FB863}"
EndProject
Project("{8BC9CEB8-8B4A-11D0-8D11-00A0C91BC942}") = "include", "include\include.vcxproj", "{618CD706-1B69-4F02-8B1B-7011E17DC9E0}"
EndProject
Project("{8BC9CEB8-8B4A-11D0-8D11-00A0C91BC942}") = "test-menu", "test-menu\test-menu.vcxproj", "{ACBA3FB1-3CE2-4AD5-B131-3E2BBA8D4995}"
EndProject
Project("{8BC9CEB8-8B4A-11D0-8D11-00A0C91BC942}") = "my_ping", "my_ping\my_ping.vcxproj", "{4343419B-8378-45C8-B45B-6060350BF7DC}"
EndProject
Project("{8BC9CEB8-8B4A-11D0-8D11-00A0C91BC942}") = "test_args_analyse_tools", "test_args_analyse_tools\test_args_analyse_tools.vcxproj", "{1A500485-301E-41F3-A978-FA054AE1A483}"
EndProject
Project("{8BC9CEB8-8B4A-11D0-8D11-00A0C91BC942}") = "13-b7-bmp", "13-b7-bmp\13-b7-bmp.vcxproj", "{DB914BC2-C5C1-4ADE-A0C9-90B984CF4DE5}"
EndProject
Project("{8BC9CEB8-8B4A-11D0-8D11-00A0C91BC942}") = "test_readcfg", "test_readcfg\test_readcfg.vcxproj", "{EB252BF2-115B-47C8-889B-5DBA47CFE52F}"
EndProject
Project("{8BC9CEB8-8B4A-11D0-8D11-00A0C91BC942}") = "txt_compare", "txt_compare\txt_compare.vcxproj", "{48A8FD83-3D62-442A-B970-438A53C4BEFE}"
EndProject
Project("{8BC9CEB8-8B4A-11D0-8D11-00A0C91BC942}") = "test_mariadb", "test_mariadb\test_mariadb.vcxproj", "{C10C42FA-C52E-4D64-9F5F-B68D464905EF}"
EndProject
Project("{8BC9CEB8-8B4A-11D0-8D11-00A0C91BC942}") = "hw_check_exe", "hw_check_exe\hw_check_exe.vcxproj", "{F40E85F5-65E9-43DF-9F49-6C6C25043195}"
EndProject
Global
	GlobalSection(SolutionConfigurationPlatforms) = preSolution
		Debug|x64 = Debug|x64
		Debug|x86 = Debug|x86
		Release|x64 = Release|x64
		Release|x86 = Release|x86
	EndGlobalSection
	GlobalSection(ProjectConfigurationPlatforms) = postSolution
		{A9253607-3B29-476E-A94E-968E303031BD}.Debug|x64.ActiveCfg = Debug|x64
		{A9253607-3B29-476E-A94E-968E303031BD}.Debug|x64.Build.0 = Debug|x64
		{A9253607-3B29-476E-A94E-968E303031BD}.Debug|x86.ActiveCfg = Debug|Win32
		{A9253607-3B29-476E-A94E-968E303031BD}.Debug|x86.Build.0 = Debug|Win32
		{A9253607-3B29-476E-A94E-968E303031BD}.Release|x64.ActiveCfg = Release|x64
		{A9253607-3B29-476E-A94E-968E303031BD}.Release|x64.Build.0 = Release|x64
		{A9253607-3B29-476E-A94E-968E303031BD}.Release|x86.ActiveCfg = Release|Win32
		{A9253607-3B29-476E-A94E-968E303031BD}.Release|x86.Build.0 = Release|Win32
		{9699BC08-56C8-4BAB-B148-8D2ED158D100}.Debug|x64.ActiveCfg = Debug|x64
		{9699BC08-56C8-4BAB-B148-8D2ED158D100}.Debug|x64.Build.0 = Debug|x64
		{9699BC08-56C8-4BAB-B148-8D2ED158D100}.Debug|x86.ActiveCfg = Debug|Win32
		{9699BC08-56C8-4BAB-B148-8D2ED158D100}.Debug|x86.Build.0 = Debug|Win32
		{9699BC08-56C8-4BAB-B148-8D2ED158D100}.Release|x64.ActiveCfg = Release|x64
		{9699BC08-56C8-4BAB-B148-8D2ED158D100}.Release|x64.Build.0 = Release|x64
		{9699BC08-56C8-4BAB-B148-8D2ED158D100}.Release|x86.ActiveCfg = Release|Win32
		{9699BC08-56C8-4BAB-B148-8D2ED158D100}.Release|x86.Build.0 = Release|Win32
		{194EBE41-652F-465C-B2E8-97C9F774247B}.Debug|x64.ActiveCfg = Debug|x64
		{194EBE41-652F-465C-B2E8-97C9F774247B}.Debug|x64.Build.0 = Debug|x64
		{194EBE41-652F-465C-B2E8-97C9F774247B}.Debug|x86.ActiveCfg = Debug|Win32
		{194EBE41-652F-465C-B2E8-97C9F774247B}.Debug|x86.Build.0 = Debug|Win32
		{194EBE41-652F-465C-B2E8-97C9F774247B}.Release|x64.ActiveCfg = Release|x64
		{194EBE41-652F-465C-B2E8-97C9F774247B}.Release|x64.Build.0 = Release|x64
		{194EBE41-652F-465C-B2E8-97C9F774247B}.Release|x86.ActiveCfg = Release|Win32
		{194EBE41-652F-465C-B2E8-97C9F774247B}.Release|x86.Build.0 = Release|Win32
		{51E998EE-60C7-4641-8FE4-4DF89D223824}.Debug|x64.ActiveCfg = Debug|x64
		{51E998EE-60C7-4641-8FE4-4DF89D223824}.Debug|x64.Build.0 = Debug|x64
		{51E998EE-60C7-4641-8FE4-4DF89D223824}.Debug|x86.ActiveCfg = Debug|Win32
		{51E998EE-60C7-4641-8FE4-4DF89D223824}.Debug|x86.Build.0 = Debug|Win32
		{51E998EE-60C7-4641-8FE4-4DF89D223824}.Release|x64.ActiveCfg = Release|x64
		{51E998EE-60C7-4641-8FE4-4DF89D223824}.Release|x64.Build.0 = Release|x64
		{51E998EE-60C7-4641-8FE4-4DF89D223824}.Release|x86.ActiveCfg = Release|Win32
		{51E998EE-60C7-4641-8FE4-4DF89D223824}.Release|x86.Build.0 = Release|Win32
		{9CDF1BB9-7135-4A32-AB88-0638DB7FB863}.Debug|x64.ActiveCfg = Debug|x64
		{9CDF1BB9-7135-4A32-AB88-0638DB7FB863}.Debug|x64.Build.0 = Debug|x64
		{9CDF1BB9-7135-4A32-AB88-0638DB7FB863}.Debug|x86.ActiveCfg = Debug|Win32
		{9CDF1BB9-7135-4A32-AB88-0638DB7FB863}.Release|x64.ActiveCfg = Release|x64
		{9CDF1BB9-7135-4A32-AB88-0638DB7FB863}.Release|x64.Build.0 = Release|x64
		{9CDF1BB9-7135-4A32-AB88-0638DB7FB863}.Release|x86.ActiveCfg = Release|Win32
		{9CDF1BB9-7135-4A32-AB88-0638DB7FB863}.Release|x86.Build.0 = Release|Win32
		{618CD706-1B69-4F02-8B1B-7011E17DC9E0}.Debug|x64.ActiveCfg = Debug|x64
		{618CD706-1B69-4F02-8B1B-7011E17DC9E0}.Debug|x64.Build.0 = Debug|x64
		{618CD706-1B69-4F02-8B1B-7011E17DC9E0}.Debug|x86.ActiveCfg = Debug|Win32
		{618CD706-1B69-4F02-8B1B-7011E17DC9E0}.Release|x64.ActiveCfg = Release|x64
		{618CD706-1B69-4F02-8B1B-7011E17DC9E0}.Release|x64.Build.0 = Release|x64
		{618CD706-1B69-4F02-8B1B-7011E17DC9E0}.Release|x86.ActiveCfg = Release|Win32
		{618CD706-1B69-4F02-8B1B-7011E17DC9E0}.Release|x86.Build.0 = Release|Win32
		{ACBA3FB1-3CE2-4AD5-B131-3E2BBA8D4995}.Debug|x64.ActiveCfg = Debug|x64
		{ACBA3FB1-3CE2-4AD5-B131-3E2BBA8D4995}.Debug|x64.Build.0 = Debug|x64
		{ACBA3FB1-3CE2-4AD5-B131-3E2BBA8D4995}.Debug|x86.ActiveCfg = Debug|Win32
		{ACBA3FB1-3CE2-4AD5-B131-3E2BBA8D4995}.Debug|x86.Build.0 = Debug|Win32
		{ACBA3FB1-3CE2-4AD5-B131-3E2BBA8D4995}.Release|x64.ActiveCfg = Release|x64
		{ACBA3FB1-3CE2-4AD5-B131-3E2BBA8D4995}.Release|x64.Build.0 = Release|x64
		{ACBA3FB1-3CE2-4AD5-B131-3E2BBA8D4995}.Release|x86.ActiveCfg = Release|Win32
		{ACBA3FB1-3CE2-4AD5-B131-3E2BBA8D4995}.Release|x86.Build.0 = Release|Win32
		{4343419B-8378-45C8-B45B-6060350BF7DC}.Debug|x64.ActiveCfg = Debug|x64
		{4343419B-8378-45C8-B45B-6060350BF7DC}.Debug|x64.Build.0 = Debug|x64
		{4343419B-8378-45C8-B45B-6060350BF7DC}.Debug|x86.ActiveCfg = Debug|Win32
		{4343419B-8378-45C8-B45B-6060350BF7DC}.Debug|x86.Build.0 = Debug|Win32
		{4343419B-8378-45C8-B45B-6060350BF7DC}.Release|x64.ActiveCfg = Release|x64
		{4343419B-8378-45C8-B45B-6060350BF7DC}.Release|x64.Build.0 = Release|x64
		{4343419B-8378-45C8-B45B-6060350BF7DC}.Release|x86.ActiveCfg = Release|Win32
		{4343419B-8378-45C8-B45B-6060350BF7DC}.Release|x86.Build.0 = Release|Win32
		{1A500485-301E-41F3-A978-FA054AE1A483}.Debug|x64.ActiveCfg = Debug|x64
		{1A500485-301E-41F3-A978-FA054AE1A483}.Debug|x64.Build.0 = Debug|x64
		{1A500485-301E-41F3-A978-FA054AE1A483}.Debug|x86.ActiveCfg = Debug|Win32
		{1A500485-301E-41F3-A978-FA054AE1A483}.Debug|x86.Build.0 = Debug|Win32
		{1A500485-301E-41F3-A978-FA054AE1A483}.Release|x64.ActiveCfg = Release|x64
		{1A500485-301E-41F3-A978-FA054AE1A483}.Release|x64.Build.0 = Release|x64
		{1A500485-301E-41F3-A978-FA054AE1A483}.Release|x86.ActiveCfg = Release|Win32
		{1A500485-301E-41F3-A978-FA054AE1A483}.Release|x86.Build.0 = Release|Win32
		{DB914BC2-C5C1-4ADE-A0C9-90B984CF4DE5}.Debug|x64.ActiveCfg = Debug|x64
		{DB914BC2-C5C1-4ADE-A0C9-90B984CF4DE5}.Debug|x64.Build.0 = Debug|x64
		{DB914BC2-C5C1-4ADE-A0C9-90B984CF4DE5}.Debug|x86.ActiveCfg = Debug|Win32
		{DB914BC2-C5C1-4ADE-A0C9-90B984CF4DE5}.Debug|x86.Build.0 = Debug|Win32
		{DB914BC2-C5C1-4ADE-A0C9-90B984CF4DE5}.Release|x64.ActiveCfg = Release|x64
		{DB914BC2-C5C1-4ADE-A0C9-90B984CF4DE5}.Release|x64.Build.0 = Release|x64
		{DB914BC2-C5C1-4ADE-A0C9-90B984CF4DE5}.Release|x86.ActiveCfg = Release|Win32
		{DB914BC2-C5C1-4ADE-A0C9-90B984CF4DE5}.Release|x86.Build.0 = Release|Win32
		{EB252BF2-115B-47C8-889B-5DBA47CFE52F}.Debug|x64.ActiveCfg = Debug|x64
		{EB252BF2-115B-47C8-889B-5DBA47CFE52F}.Debug|x64.Build.0 = Debug|x64
		{EB252BF2-115B-47C8-889B-5DBA47CFE52F}.Debug|x86.ActiveCfg = Debug|Win32
		{EB252BF2-115B-47C8-889B-5DBA47CFE52F}.Debug|x86.Build.0 = Debug|Win32
		{EB252BF2-115B-47C8-889B-5DBA47CFE52F}.Release|x64.ActiveCfg = Release|x64
		{EB252BF2-115B-47C8-889B-5DBA47CFE52F}.Release|x64.Build.0 = Release|x64
		{EB252BF2-115B-47C8-889B-5DBA47CFE52F}.Release|x86.ActiveCfg = Release|Win32
		{EB252BF2-115B-47C8-889B-5DBA47CFE52F}.Release|x86.Build.0 = Release|Win32
		{48A8FD83-3D62-442A-B970-438A53C4BEFE}.Debug|x64.ActiveCfg = Debug|x64
		{48A8FD83-3D62-442A-B970-438A53C4BEFE}.Debug|x64.Build.0 = Debug|x64
		{48A8FD83-3D62-442A-B970-438A53C4BEFE}.Debug|x86.ActiveCfg = Debug|Win32
		{48A8FD83-3D62-442A-B970-438A53C4BEFE}.Debug|x86.Build.0 = Debug|Win32
		{48A8FD83-3D62-442A-B970-438A53C4BEFE}.Release|x64.ActiveCfg = Release|x64
		{48A8FD83-3D62-442A-B970-438A53C4BEFE}.Release|x64.Build.0 = Release|x64
		{48A8FD83-3D62-442A-B970-438A53C4BEFE}.Release|x86.ActiveCfg = Release|Win32
		{48A8FD83-3D62-442A-B970-438A53C4BEFE}.Release|x86.Build.0 = Release|Win32
		{C10C42FA-C52E-4D64-9F5F-B68D464905EF}.Debug|x64.ActiveCfg = Debug|x64
		{C10C42FA-C52E-4D64-9F5F-B68D464905EF}.Debug|x64.Build.0 = Debug|x64
		{C10C42FA-C52E-4D64-9F5F-B68D464905EF}.Debug|x86.ActiveCfg = Debug|Win32
		{C10C42FA-C52E-4D64-9F5F-B68D464905EF}.Debug|x86.Build.0 = Debug|Win32
		{C10C42FA-C52E-4D64-9F5F-B68D464905EF}.Release|x64.ActiveCfg = Release|x64
		{C10C42FA-C52E-4D64-9F5F-B68D464905EF}.Release|x64.Build.0 = Release|x64
		{C10C42FA-C52E-4D64-9F5F-B68D464905EF}.Release|x86.ActiveCfg = Release|Win32
		{C10C42FA-C52E-4D64-9F5F-B68D464905EF}.Release|x86.Build.0 = Release|Win32
		{F40E85F5-65E9-43DF-9F49-6C6C25043195}.Debug|x64.ActiveCfg = Debug|x64
		{F40E85F5-65E9-43DF-9F49-6C6C25043195}.Debug|x64.Build.0 = Debug|x64
		{F40E85F5-65E9-43DF-9F49-6C6C25043195}.Debug|x86.ActiveCfg = Debug|Win32
		{F40E85F5-65E9-43DF-9F49-6C6C25043195}.Debug|x86.Build.0 = Debug|Win32
		{F40E85F5-65E9-43DF-9F49-6C6C25043195}.Release|x64.ActiveCfg = Release|x64
		{F40E85F5-65E9-43DF-9F49-6C6C25043195}.Release|x64.Build.0 = Release|x64
		{F40E85F5-65E9-43DF-9F49-6C6C25043195}.Release|x86.ActiveCfg = Release|Win32
		{F40E85F5-65E9-43DF-9F49-6C6C25043195}.Release|x86.Build.0 = Release|Win32
	EndGlobalSection
	GlobalSection(SolutionProperties) = preSolution
		HideSolutionNode = FALSE
	EndGlobalSection
	GlobalSection(ExtensibilityGlobals) = postSolution
		SolutionGuid = {F1CEBC16-8D57-4B2D-BBB0-E616325FB321}
	EndGlobalSection
EndGlobal
